{
  "name": "doozer-highlight",
  "version": "0.2.2",
  "lockfileVersion": 3,
  "requires": true,
  "packages": {
    "": {
      "name": "doozer-highlight",
      "version": "0.2.2",
      "license": "The Apache License, Version 2.0",
      "engines": {
        "vscode": "^1.89.0"
      }
    }
  }
}
